
Microsoft Visual Studio Solution File, Format Version 12.00
# Visual Studio Version 16
VisualStudioVersion = 16.0.30717.126
MinimumVisualStudioVersion = 10.0.40219.1
Project("{FAE04EC0-301F-11D3-BF4B-00C04F79EFBC}") = "FileTransferApp_Mobile.Android", "FileTransferApp_Mobile\FileTransferApp_Mobile.Android\FileTransferApp_Mobile.Android.csproj", "{DB62A7F4-C894-45F7-9B78-C5EAB0919518}"
EndProject
Project("{FAE04EC0-301F-11D3-BF4B-00C04F79EFBC}") = "FileTransferApp_Mobile.iOS", "FileTransferApp_Mobile\FileTransferApp_Mobile.iOS\FileTransferApp_Mobile.iOS.csproj", "{44E36254-B190-48D7-A978-57BCCBA024E0}"
EndProject
Project("{9A19103F-16F7-4668-BE54-9A1E7A4F7556}") = "FileTransferApp_Mobile", "FileTransferApp_Mobile\FileTransferApp_Mobile\FileTransferApp_Mobile.csproj", "{D8947A03-39AF-4722-975B-1613F60BAD77}"
EndProject
Global
	GlobalSection(SolutionConfigurationPlatforms) = preSolution
		Debug|Any CPU = Debug|Any CPU
		Debug|iPhone = Debug|iPhone
		Debug|iPhoneSimulator = Debug|iPhoneSimulator
		Release|Any CPU = Release|Any CPU
		Release|iPhone = Release|iPhone
		Release|iPhoneSimulator = Release|iPhoneSimulator
	EndGlobalSection
	GlobalSection(ProjectConfigurationPlatforms) = postSolution
		{DB62A7F4-C894-45F7-9B78-C5EAB0919518}.Debug|Any CPU.ActiveCfg = Debug|Any CPU
		{DB62A7F4-C894-45F7-9B78-C5EAB0919518}.Debug|Any CPU.Build.0 = Debug|Any CPU
		{DB62A7F4-C894-45F7-9B78-C5EAB0919518}.Debug|Any CPU.Deploy.0 = Debug|Any CPU
		{DB62A7F4-C894-45F7-9B78-C5EAB0919518}.Debug|iPhone.ActiveCfg = Debug|Any CPU
		{DB62A7F4-C894-45F7-9B78-C5EAB0919518}.Debug|iPhone.Build.0 = Debug|Any CPU
		{DB62A7F4-C894-45F7-9B78-C5EAB0919518}.Debug|iPhone.Deploy.0 = Debug|Any CPU
		{DB62A7F4-C894-45F7-9B78-C5EAB0919518}.Debug|iPhoneSimulator.ActiveCfg = Debug|Any CPU
		{DB62A7F4-C894-45F7-9B78-C5EAB0919518}.Debug|iPhoneSimulator.Build.0 = Debug|Any CPU
		{DB62A7F4-C894-45F7-9B78-C5EAB0919518}.Debug|iPhoneSimulator.Deploy.0 = Debug|Any CPU
		{DB62A7F4-C894-45F7-9B78-C5EAB0919518}.Release|Any CPU.ActiveCfg = Release|Any CPU
		{DB62A7F4-C894-45F7-9B78-C5EAB0919518}.Release|Any CPU.Build.0 = Release|Any CPU
		{DB62A7F4-C894-45F7-9B78-C5EAB0919518}.Release|Any CPU.Deploy.0 = Release|Any CPU
		{DB62A7F4-C894-45F7-9B78-C5EAB0919518}.Release|iPhone.ActiveCfg = Release|Any CPU
		{DB62A7F4-C894-45F7-9B78-C5EAB0919518}.Release|iPhone.Build.0 = Release|Any CPU
		{DB62A7F4-C894-45F7-9B78-C5EAB0919518}.Release|iPhone.Deploy.0 = Release|Any CPU
		{DB62A7F4-C894-45F7-9B78-C5EAB0919518}.Release|iPhoneSimulator.ActiveCfg = Release|Any CPU
		{DB62A7F4-C894-45F7-9B78-C5EAB0919518}.Release|iPhoneSimulator.Build.0 = Release|Any CPU
		{DB62A7F4-C894-45F7-9B78-C5EAB0919518}.Release|iPhoneSimulator.Deploy.0 = Release|Any CPU
		{44E36254-B190-48D7-A978-57BCCBA024E0}.Debug|Any CPU.ActiveCfg = Debug|iPhone
		{44E36254-B190-48D7-A978-57BCCBA024E0}.Debug|Any CPU.Build.0 = Debug|iPhone
		{44E36254-B190-48D7-A978-57BCCBA024E0}.Debug|Any CPU.Deploy.0 = Debug|iPhone
		{44E36254-B190-48D7-A978-57BCCBA024E0}.Debug|iPhone.ActiveCfg = Debug|iPhone
		{44E36254-B190-48D7-A978-57BCCBA024E0}.Debug|iPhone.Build.0 = Debug|iPhone
		{44E36254-B190-48D7-A978-57BCCBA024E0}.Debug|iPhone.Deploy.0 = Debug|iPhone
		{44E36254-B190-48D7-A978-57BCCBA024E0}.Debug|iPhoneSimulator.ActiveCfg = Debug|iPhoneSimulator
		{44E36254-B190-48D7-A978-57BCCBA024E0}.Debug|iPhoneSimulator.Build.0 = Debug|iPhoneSimulator
		{44E36254-B190-48D7-A978-57BCCBA024E0}.Debug|iPhoneSimulator.Deploy.0 = Debug|iPhoneSimulator
		{44E36254-B190-48D7-A978-57BCCBA024E0}.Release|Any CPU.ActiveCfg = Release|iPhoneSimulator
		{44E36254-B190-48D7-A978-57BCCBA024E0}.Release|Any CPU.Build.0 = Release|iPhoneSimulator
		{44E36254-B190-48D7-A978-57BCCBA024E0}.Release|Any CPU.Deploy.0 = Release|iPhoneSimulator
		{44E36254-B190-48D7-A978-57BCCBA024E0}.Release|iPhone.ActiveCfg = Release|iPhone
		{44E36254-B190-48D7-A978-57BCCBA024E0}.Release|iPhone.Build.0 = Release|iPhone
		{44E36254-B190-48D7-A978-57BCCBA024E0}.Release|iPhone.Deploy.0 = Release|iPhone
		{44E36254-B190-48D7-A978-57BCCBA024E0}.Release|iPhoneSimulator.ActiveCfg = Release|iPhoneSimulator
		{44E36254-B190-48D7-A978-57BCCBA024E0}.Release|iPhoneSimulator.Build.0 = Release|iPhoneSimulator
		{44E36254-B190-48D7-A978-57BCCBA024E0}.Release|iPhoneSimulator.Deploy.0 = Release|iPhoneSimulator
		{D8947A03-39AF-4722-975B-1613F60BAD77}.Debug|Any CPU.ActiveCfg = Debug|Any CPU
		{D8947A03-39AF-4722-975B-1613F60BAD77}.Debug|Any CPU.Build.0 = Debug|Any CPU
		{D8947A03-39AF-4722-975B-1613F60BAD77}.Debug|Any CPU.Deploy.0 = Debug|Any CPU
		{D8947A03-39AF-4722-975B-1613F60BAD77}.Debug|iPhone.ActiveCfg = Debug|Any CPU
		{D8947A03-39AF-4722-975B-1613F60BAD77}.Debug|iPhone.Build.0 = Debug|Any CPU
		{D8947A03-39AF-4722-975B-1613F60BAD77}.Debug|iPhone.Deploy.0 = Debug|Any CPU
		{D8947A03-39AF-4722-975B-1613F60BAD77}.Debug|iPhoneSimulator.ActiveCfg = Debug|Any CPU
		{D8947A03-39AF-4722-975B-1613F60BAD77}.Debug|iPhoneSimulator.Build.0 = Debug|Any CPU
		{D8947A03-39AF-4722-975B-1613F60BAD77}.Debug|iPhoneSimulator.Deploy.0 = Debug|Any CPU
		{D8947A03-39AF-4722-975B-1613F60BAD77}.Release|Any CPU.ActiveCfg = Release|Any CPU
		{D8947A03-39AF-4722-975B-1613F60BAD77}.Release|Any CPU.Build.0 = Release|Any CPU
		{D8947A03-39AF-4722-975B-1613F60BAD77}.Release|Any CPU.Deploy.0 = Release|Any CPU
		{D8947A03-39AF-4722-975B-1613F60BAD77}.Release|iPhone.ActiveCfg = Release|Any CPU
		{D8947A03-39AF-4722-975B-1613F60BAD77}.Release|iPhone.Build.0 = Release|Any CPU
		{D8947A03-39AF-4722-975B-1613F60BAD77}.Release|iPhone.Deploy.0 = Release|Any CPU
		{D8947A03-39AF-4722-975B-1613F60BAD77}.Release|iPhoneSimulator.ActiveCfg = Release|Any CPU
		{D8947A03-39AF-4722-975B-1613F60BAD77}.Release|iPhoneSimulator.Build.0 = Release|Any CPU
		{D8947A03-39AF-4722-975B-1613F60BAD77}.Release|iPhoneSimulator.Deploy.0 = Release|Any CPU
	EndGlobalSection
	GlobalSection(SolutionProperties) = preSolution
		HideSolutionNode = FALSE
	EndGlobalSection
	GlobalSection(ExtensibilityGlobals) = postSolution
		SolutionGuid = {B3C90BDB-3543-4FC0-9E88-4D088B7E5FCD}
	EndGlobalSection
EndGlobal
